// !$*UTF8*$!
{
	archiveVersion = 1;
	classes = {
	};
	objectVersion = 46;
	objects = {

/* Begin PBXBuildFile section */
		CF1050201FA0582700AC5ABD /* main.m in Sources */ = {isa = PBXBuildFile; fileRef = CF10501F1FA0582700AC5ABD /* main.m */; };
		CF1050231FA0582700AC5ABD /* AppDelegate.m in Sources */ = {isa = PBXBuildFile; fileRef = CF1050221FA0582700AC5ABD /* AppDelegate.m */; };
		CF1050261FA0582700AC5ABD /* ViewController.m in Sources */ = {isa = PBXBuildFile; fileRef = CF1050251FA0582700AC5ABD /* ViewController.m */; };
		CF1050291FA0582700AC5ABD /* Main.storyboard in Resources */ = {isa = PBXBuildFile; fileRef = CF1050271FA0582700AC5ABD /* Main.storyboard */; };
		CF10502B1FA0582700AC5ABD /* Assets.xcassets in Resources */ = {isa = PBXBuildFile; fileRef = CF10502A1FA0582700AC5ABD /* Assets.xcassets */; };
		CF10502E1FA0582700AC5ABD /* LaunchScreen.storyboard in Resources */ = {isa = PBXBuildFile; fileRef = CF10502C1FA0582700AC5ABD /* LaunchScreen.storyboard */; };
		CF1050391FA0582700AC5ABD /* ___Tests.m in Sources */ = {isa = PBXBuildFile; fileRef = CF1050381FA0582700AC5ABD /* ___Tests.m */; };
		CF1050441FA0582700AC5ABD /* ___UITests.m in Sources */ = {isa = PBXBuildFile; fileRef = CF1050431FA0582700AC5ABD /* ___UITests.m */; };
		CF1050541FA0587400AC5ABD /* ModelA.m in Sources */ = {isa = PBXBuildFile; fileRef = CF1050531FA0587400AC5ABD /* ModelA.m */; };
		CF1050571FA0588500AC5ABD /* ModelB.m in Sources */ = {isa = PBXBuildFile; fileRef = CF1050561FA0588500AC5ABD /* ModelB.m */; };
		CF10505A1FA0588F00AC5ABD /* ModelC.m in Sources */ = {isa = PBXBuildFile; fileRef = CF1050591FA0588F00AC5ABD /* ModelC.m */; };
		CF10505E1FA05E3800AC5ABD /* Doctor.m in Sources */ = {isa = PBXBuildFile; fileRef = CF10505D1FA05E3800AC5ABD /* Doctor.m */; };
		CF1050611FA05E4F00AC5ABD /* Teacher.m in Sources */ = {isa = PBXBuildFile; fileRef = CF1050601FA05E4F00AC5ABD /* Teacher.m */; };
		CF1050651FA08DE500AC5ABD /* MsgForwardViewController.m in Sources */ = {isa = PBXBuildFile; fileRef = CF1050641FA08DE500AC5ABD /* MsgForwardViewController.m */; };
		CF1050681FA08E0300AC5ABD /* CombinaViewController.m in Sources */ = {isa = PBXBuildFile; fileRef = CF1050671FA08E0300AC5ABD /* CombinaViewController.m */; };
		CF10506B1FA08E1700AC5ABD /* ProtocolViewController.m in Sources */ = {isa = PBXBuildFile; fileRef = CF10506A1FA08E1700AC5ABD /* ProtocolViewController.m */; };
		CF10506E1FA08E2400AC5ABD /* DelegateViewController.m in Sources */ = {isa = PBXBuildFile; fileRef = CF10506D1FA08E2400AC5ABD /* DelegateViewController.m */; };
		CF1050711FA08F5C00AC5ABD /* ForceTransformViewController.m in Sources */ = {isa = PBXBuildFile; fileRef = CF1050701FA08F5C00AC5ABD /* ForceTransformViewController.m */; };
		CF1050761FA091C100AC5ABD /* PersonA.m in Sources */ = {isa = PBXBuildFile; fileRef = CF1050751FA091C100AC5ABD /* PersonA.m */; };
		CF1050791FA091D000AC5ABD /* PersonB.m in Sources */ = {isa = PBXBuildFile; fileRef = CF1050781FA091D000AC5ABD /* PersonB.m */; };
		CFB20E561FA1C9E50027FC11 /* DelegateClassA.m in Sources */ = {isa = PBXBuildFile; fileRef = CFB20E551FA1C9E50027FC11 /* DelegateClassA.m */; };
		CFB20E591FA1C9FA0027FC11 /* DelegateClassB.m in Sources */ = {isa = PBXBuildFile; fileRef = CFB20E581FA1C9FA0027FC11 /* DelegateClassB.m */; };
		CFB20E5C1FA1D1F70027FC11 /* NSString+Addition.m in Sources */ = {isa = PBXBuildFile; fileRef = CFB20E5B1FA1D1F70027FC11 /* NSString+Addition.m */; };
		CFB20E5F1FA1D2450027FC11 /* CategoryViewController.m in Sources */ = {isa = PBXBuildFile; fileRef = CFB20E5E1FA1D2450027FC11 /* CategoryViewController.m */; };
		CFB20E611FA1D3850027FC11 /* oc实现多继承.rtf in Resources */ = {isa = PBXBuildFile; fileRef = CFB20E601FA1D3850027FC11 /* oc实现多继承.rtf */; };
/* End PBXBuildFile section */

/* Begin PBXContainerItemProxy section */
		CF1050351FA0582700AC5ABD /* PBXContainerItemProxy */ = {
			isa = PBXContainerItemProxy;
			containerPortal = CF1050131FA0582600AC5ABD /* Project object */;
			proxyType = 1;
			remoteGlobalIDString = CF10501A1FA0582700AC5ABD;
			remoteInfo = "多继承";
		};
		CF1050401FA0582700AC5ABD /* PBXContainerItemProxy */ = {
			isa = PBXContainerItemProxy;
			containerPortal = CF1050131FA0582600AC5ABD /* Project object */;
			proxyType = 1;
			remoteGlobalIDString = CF10501A1FA0582700AC5ABD;
			remoteInfo = "多继承";
		};
/* End PBXContainerItemProxy section */

/* Begin PBXFileReference section */
		CF10501B1FA0582700AC5ABD /* 多继承.app */ = {isa = PBXFileReference; explicitFileType = wrapper.application; includeInIndex = 0; path = "多继承.app"; sourceTree = BUILT_PRODUCTS_DIR; };
		CF10501F1FA0582700AC5ABD /* main.m */ = {isa = PBXFileReference; lastKnownFileType = sourcecode.c.objc; path = main.m; sourceTree = "<group>"; };
		CF1050211FA0582700AC5ABD /* AppDelegate.h */ = {isa = PBXFileReference; lastKnownFileType = sourcecode.c.h; path = AppDelegate.h; sourceTree = "<group>"; };
		CF1050221FA0582700AC5ABD /* AppDelegate.m */ = {isa = PBXFileReference; lastKnownFileType = sourcecode.c.objc; path = AppDelegate.m; sourceTree = "<group>"; };
		CF1050241FA0582700AC5ABD /* ViewController.h */ = {isa = PBXFileReference; lastKnownFileType = sourcecode.c.h; path = ViewController.h; sourceTree = "<group>"; };
		CF1050251FA0582700AC5ABD /* ViewController.m */ = {isa = PBXFileReference; lastKnownFileType = sourcecode.c.objc; path = ViewController.m; sourceTree = "<group>"; };
		CF1050281FA0582700AC5ABD /* Base */ = {isa = PBXFileReference; lastKnownFileType = file.storyboard; name = Base; path = Base.lproj/Main.storyboard; sourceTree = "<group>"; };
		CF10502A1FA0582700AC5ABD /* Assets.xcassets */ = {isa = PBXFileReference; lastKnownFileType = folder.assetcatalog; path = Assets.xcassets; sourceTree = "<group>"; };
		CF10502D1FA0582700AC5ABD /* Base */ = {isa = PBXFileReference; lastKnownFileType = file.storyboard; name = Base; path = Base.lproj/LaunchScreen.storyboard; sourceTree = "<group>"; };
		CF10502F1FA0582700AC5ABD /* Info.plist */ = {isa = PBXFileReference; lastKnownFileType = text.plist.xml; path = Info.plist; sourceTree = "<group>"; };
		CF1050341FA0582700AC5ABD /* 多继承Tests.xctest */ = {isa = PBXFileReference; explicitFileType = wrapper.cfbundle; includeInIndex = 0; path = "多继承Tests.xctest"; sourceTree = BUILT_PRODUCTS_DIR; };
		CF1050381FA0582700AC5ABD /* ___Tests.m */ = {isa = PBXFileReference; lastKnownFileType = sourcecode.c.objc; path = "___Tests.m"; sourceTree = "<group>"; };
		CF10503A1FA0582700AC5ABD /* Info.plist */ = {isa = PBXFileReference; lastKnownFileType = text.plist.xml; path = Info.plist; sourceTree = "<group>"; };
		CF10503F1FA0582700AC5ABD /* 多继承UITests.xctest */ = {isa = PBXFileReference; explicitFileType = wrapper.cfbundle; includeInIndex = 0; path = "多继承UITests.xctest"; sourceTree = BUILT_PRODUCTS_DIR; };
		CF1050431FA0582700AC5ABD /* ___UITests.m */ = {isa = PBXFileReference; lastKnownFileType = sourcecode.c.objc; path = "___UITests.m"; sourceTree = "<group>"; };
		CF1050451FA0582700AC5ABD /* Info.plist */ = {isa = PBXFileReference; lastKnownFileType = text.plist.xml; path = Info.plist; sourceTree = "<group>"; };
		CF1050521FA0587400AC5ABD /* ModelA.h */ = {isa = PBXFileReference; fileEncoding = 4; lastKnownFileType = sourcecode.c.h; path = ModelA.h; sourceTree = "<group>"; };
		CF1050531FA0587400AC5ABD /* ModelA.m */ = {isa = PBXFileReference; fileEncoding = 4; lastKnownFileType = sourcecode.c.objc; path = ModelA.m; sourceTree = "<group>"; };
		CF1050551FA0588500AC5ABD /* ModelB.h */ = {isa = PBXFileReference; fileEncoding = 4; lastKnownFileType = sourcecode.c.h; path = ModelB.h; sourceTree = "<group>"; };
		CF1050561FA0588500AC5ABD /* ModelB.m */ = {isa = PBXFileReference; fileEncoding = 4; lastKnownFileType = sourcecode.c.objc; path = ModelB.m; sourceTree = "<group>"; };
		CF1050581FA0588F00AC5ABD /* ModelC.h */ = {isa = PBXFileReference; fileEncoding = 4; lastKnownFileType = sourcecode.c.h; path = ModelC.h; sourceTree = "<group>"; };
		CF1050591FA0588F00AC5ABD /* ModelC.m */ = {isa = PBXFileReference; fileEncoding = 4; lastKnownFileType = sourcecode.c.objc; path = ModelC.m; sourceTree = "<group>"; };
		CF10505C1FA05E3800AC5ABD /* Doctor.h */ = {isa = PBXFileReference; fileEncoding = 4; lastKnownFileType = sourcecode.c.h; path = Doctor.h; sourceTree = "<group>"; };
		CF10505D1FA05E3800AC5ABD /* Doctor.m */ = {isa = PBXFileReference; fileEncoding = 4; lastKnownFileType = sourcecode.c.objc; path = Doctor.m; sourceTree = "<group>"; };
		CF10505F1FA05E4F00AC5ABD /* Teacher.h */ = {isa = PBXFileReference; fileEncoding = 4; lastKnownFileType = sourcecode.c.h; path = Teacher.h; sourceTree = "<group>"; };
		CF1050601FA05E4F00AC5ABD /* Teacher.m */ = {isa = PBXFileReference; fileEncoding = 4; lastKnownFileType = sourcecode.c.objc; path = Teacher.m; sourceTree = "<group>"; };
		CF1050631FA08DE500AC5ABD /* MsgForwardViewController.h */ = {isa = PBXFileReference; fileEncoding = 4; lastKnownFileType = sourcecode.c.h; path = MsgForwardViewController.h; sourceTree = "<group>"; };
		CF1050641FA08DE500AC5ABD /* MsgForwardViewController.m */ = {isa = PBXFileReference; fileEncoding = 4; lastKnownFileType = sourcecode.c.objc; path = MsgForwardViewController.m; sourceTree = "<group>"; };
		CF1050661FA08E0300AC5ABD /* CombinaViewController.h */ = {isa = PBXFileReference; fileEncoding = 4; lastKnownFileType = sourcecode.c.h; path = CombinaViewController.h; sourceTree = "<group>"; };
		CF1050671FA08E0300AC5ABD /* CombinaViewController.m */ = {isa = PBXFileReference; fileEncoding = 4; lastKnownFileType = sourcecode.c.objc; path = CombinaViewController.m; sourceTree = "<group>"; };
		CF1050691FA08E1700AC5ABD /* ProtocolViewController.h */ = {isa = PBXFileReference; fileEncoding = 4; lastKnownFileType = sourcecode.c.h; path = ProtocolViewController.h; sourceTree = "<group>"; };
		CF10506A1FA08E1700AC5ABD /* ProtocolViewController.m */ = {isa = PBXFileReference; fileEncoding = 4; lastKnownFileType = sourcecode.c.objc; path = ProtocolViewController.m; sourceTree = "<group>"; };
		CF10506C1FA08E2400AC5ABD /* DelegateViewController.h */ = {isa = PBXFileReference; fileEncoding = 4; lastKnownFileType = sourcecode.c.h; path = DelegateViewController.h; sourceTree = "<group>"; };
		CF10506D1FA08E2400AC5ABD /* DelegateViewController.m */ = {isa = PBXFileReference; fileEncoding = 4; lastKnownFileType = sourcecode.c.objc; path = DelegateViewController.m; sourceTree = "<group>"; };
		CF10506F1FA08F5C00AC5ABD /* ForceTransformViewController.h */ = {isa = PBXFileReference; fileEncoding = 4; lastKnownFileType = sourcecode.c.h; path = ForceTransformViewController.h; sourceTree = "<group>"; };
		CF1050701FA08F5C00AC5ABD /* ForceTransformViewController.m */ = {isa = PBXFileReference; fileEncoding = 4; lastKnownFileType = sourcecode.c.objc; path = ForceTransformViewController.m; sourceTree = "<group>"; };
		CF1050741FA091C100AC5ABD /* PersonA.h */ = {isa = PBXFileReference; fileEncoding = 4; lastKnownFileType = sourcecode.c.h; path = PersonA.h; sourceTree = "<group>"; };
		CF1050751FA091C100AC5ABD /* PersonA.m */ = {isa = PBXFileReference; fileEncoding = 4; lastKnownFileType = sourcecode.c.objc; path = PersonA.m; sourceTree = "<group>"; };
		CF1050771FA091D000AC5ABD /* PersonB.h */ = {isa = PBXFileReference; fileEncoding = 4; lastKnownFileType = sourcecode.c.h; path = PersonB.h; sourceTree = "<group>"; };
		CF1050781FA091D000AC5ABD /* PersonB.m */ = {isa = PBXFileReference; fileEncoding = 4; lastKnownFileType = sourcecode.c.objc; path = PersonB.m; sourceTree = "<group>"; };
		CFB20E541FA1C9E50027FC11 /* DelegateClassA.h */ = {isa = PBXFileReference; fileEncoding = 4; lastKnownFileType = sourcecode.c.h; path = DelegateClassA.h; sourceTree = "<group>"; };
		CFB20E551FA1C9E50027FC11 /* DelegateClassA.m */ = {isa = PBXFileReference; fileEncoding = 4; lastKnownFileType = sourcecode.c.objc; path = DelegateClassA.m; sourceTree = "<group>"; };
		CFB20E571FA1C9FA0027FC11 /* DelegateClassB.h */ = {isa = PBXFileReference; fileEncoding = 4; lastKnownFileType = sourcecode.c.h; path = DelegateClassB.h; sourceTree = "<group>"; };
		CFB20E581FA1C9FA0027FC11 /* DelegateClassB.m */ = {isa = PBXFileReference; fileEncoding = 4; lastKnownFileType = sourcecode.c.objc; path = DelegateClassB.m; sourceTree = "<group>"; };
		CFB20E5A1FA1D1F70027FC11 /* NSString+Addition.h */ = {isa = PBXFileReference; fileEncoding = 4; lastKnownFileType = sourcecode.c.h; path = "NSString+Addition.h"; sourceTree = "<group>"; };
		CFB20E5B1FA1D1F70027FC11 /* NSString+Addition.m */ = {isa = PBXFileReference; fileEncoding = 4; lastKnownFileType = sourcecode.c.objc; path = "NSString+Addition.m"; sourceTree = "<group>"; };
		CFB20E5D1FA1D2450027FC11 /* CategoryViewController.h */ = {isa = PBXFileReference; fileEncoding = 4; lastKnownFileType = sourcecode.c.h; path = CategoryViewController.h; sourceTree = "<group>"; };
		CFB20E5E1FA1D2450027FC11 /* CategoryViewController.m */ = {isa = PBXFileReference; fileEncoding = 4; lastKnownFileType = sourcecode.c.objc; path = CategoryViewController.m; sourceTree = "<group>"; };
		CFB20E601FA1D3850027FC11 /* oc实现多继承.rtf */ = {isa = PBXFileReference; fileEncoding = 4; lastKnownFileType = text.rtf; name = "oc实现多继承.rtf"; path = "多继承/oc实现多继承.rtf"; sourceTree = "<group>"; };
/* End PBXFileReference section */

/* Begin PBXFrameworksBuildPhase section */
		CF1050181FA0582700AC5ABD /* Frameworks */ = {
			isa = PBXFrameworksBuildPhase;
			buildActionMask = 2147483647;
			files = (
			);
			runOnlyForDeploymentPostprocessing = 0;
		};
		CF1050311FA0582700AC5ABD /* Frameworks */ = {
			isa = PBXFrameworksBuildPhase;
			buildActionMask = 2147483647;
			files = (
			);
			runOnlyForDeploymentPostprocessing = 0;
		};
		CF10503C1FA0582700AC5ABD /* Frameworks */ = {
			isa = PBXFrameworksBuildPhase;
			buildActionMask = 2147483647;
			files = (
			);
			runOnlyForDeploymentPostprocessing = 0;
		};
/* End PBXFrameworksBuildPhase section */

/* Begin PBXGroup section */
		CF1050121FA0582600AC5ABD = {
			isa = PBXGroup;
			children = (
				CFB20E601FA1D3850027FC11 /* oc实现多继承.rtf */,
				CF10501D1FA0582700AC5ABD /* 多继承 */,
				CF1050371FA0582700AC5ABD /* 多继承Tests */,
				CF1050421FA0582700AC5ABD /* 多继承UITests */,
				CF10501C1FA0582700AC5ABD /* Products */,
			);
			sourceTree = "<group>";
		};
		CF10501C1FA0582700AC5ABD /* Products */ = {
			isa = PBXGroup;
			children = (
				CF10501B1FA0582700AC5ABD /* 多继承.app */,
				CF1050341FA0582700AC5ABD /* 多继承Tests.xctest */,
				CF10503F1FA0582700AC5ABD /* 多继承UITests.xctest */,
			);
			name = Products;
			sourceTree = "<group>";
		};
		CF10501D1FA0582700AC5ABD /* 多继承 */ = {
			isa = PBXGroup;
			children = (
				CF1050621FA08CF700AC5ABD /* VC */,
				CF10505B1FA05E2100AC5ABD /* 消息转发 */,
				CF1050511FA0585600AC5ABD /* 组合模式 */,
				CF1050721FA090F700AC5ABD /* 代理模式 */,
				CF10507A1FA0942E00AC5ABD /* 分类 */,
				CF1050731FA090F700AC5ABD /* 协议 */,
				CF1050211FA0582700AC5ABD /* AppDelegate.h */,
				CF1050221FA0582700AC5ABD /* AppDelegate.m */,
				CF1050241FA0582700AC5ABD /* ViewController.h */,
				CF1050251FA0582700AC5ABD /* ViewController.m */,
				CF1050271FA0582700AC5ABD /* Main.storyboard */,
				CF10502A1FA0582700AC5ABD /* Assets.xcassets */,
				CF10502C1FA0582700AC5ABD /* LaunchScreen.storyboard */,
				CF10502F1FA0582700AC5ABD /* Info.plist */,
				CF10501E1FA0582700AC5ABD /* Supporting Files */,
			);
			path = "多继承";
			sourceTree = "<group>";
		};
		CF10501E1FA0582700AC5ABD /* Supporting Files */ = {
			isa = PBXGroup;
			children = (
				CF10501F1FA0582700AC5ABD /* main.m */,
			);
			name = "Supporting Files";
			sourceTree = "<group>";
		};
		CF1050371FA0582700AC5ABD /* 多继承Tests */ = {
			isa = PBXGroup;
			children = (
				CF1050381FA0582700AC5ABD /* ___Tests.m */,
				CF10503A1FA0582700AC5ABD /* Info.plist */,
			);
			path = "多继承Tests";
			sourceTree = "<group>";
		};
		CF1050421FA0582700AC5ABD /* 多继承UITests */ = {
			isa = PBXGroup;
			children = (
				CF1050431FA0582700AC5ABD /* ___UITests.m */,
				CF1050451FA0582700AC5ABD /* Info.plist */,
			);
			path = "多继承UITests";
			sourceTree = "<group>";
		};
		CF1050511FA0585600AC5ABD /* 组合模式 */ = {
			isa = PBXGroup;
			children = (
				CF1050521FA0587400AC5ABD /* ModelA.h */,
				CF1050531FA0587400AC5ABD /* ModelA.m */,
				CF1050551FA0588500AC5ABD /* ModelB.h */,
				CF1050561FA0588500AC5ABD /* ModelB.m */,
				CF1050581FA0588F00AC5ABD /* ModelC.h */,
				CF1050591FA0588F00AC5ABD /* ModelC.m */,
			);
			path = "组合模式";
			sourceTree = "<group>";
		};
		CF10505B1FA05E2100AC5ABD /* 消息转发 */ = {
			isa = PBXGroup;
			children = (
				CF10505C1FA05E3800AC5ABD /* Doctor.h */,
				CF10505D1FA05E3800AC5ABD /* Doctor.m */,
				CF10505F1FA05E4F00AC5ABD /* Teacher.h */,
				CF1050601FA05E4F00AC5ABD /* Teacher.m */,
			);
			path = "消息转发";
			sourceTree = "<group>";
		};
		CF1050621FA08CF700AC5ABD /* VC */ = {
			isa = PBXGroup;
			children = (
				CF1050631FA08DE500AC5ABD /* MsgForwardViewController.h */,
				CF1050641FA08DE500AC5ABD /* MsgForwardViewController.m */,
				CF1050661FA08E0300AC5ABD /* CombinaViewController.h */,
				CF1050671FA08E0300AC5ABD /* CombinaViewController.m */,
				CF1050691FA08E1700AC5ABD /* ProtocolViewController.h */,
				CF10506A1FA08E1700AC5ABD /* ProtocolViewController.m */,
				CF10506C1FA08E2400AC5ABD /* DelegateViewController.h */,
				CF10506D1FA08E2400AC5ABD /* DelegateViewController.m */,
				CF10506F1FA08F5C00AC5ABD /* ForceTransformViewController.h */,
				CF1050701FA08F5C00AC5ABD /* ForceTransformViewController.m */,
				CFB20E5D1FA1D2450027FC11 /* CategoryViewController.h */,
				CFB20E5E1FA1D2450027FC11 /* CategoryViewController.m */,
			);
			path = VC;
			sourceTree = "<group>";
		};
		CF1050721FA090F700AC5ABD /* 代理模式 */ = {
			isa = PBXGroup;
			children = (
				CFB20E541FA1C9E50027FC11 /* DelegateClassA.h */,
				CFB20E551FA1C9E50027FC11 /* DelegateClassA.m */,
				CFB20E571FA1C9FA0027FC11 /* DelegateClassB.h */,
				CFB20E581FA1C9FA0027FC11 /* DelegateClassB.m */,
			);
			path = "代理模式";
			sourceTree = "<group>";
		};
		CF1050731FA090F700AC5ABD /* 协议 */ = {
			isa = PBXGroup;
			children = (
				CF1050741FA091C100AC5ABD /* PersonA.h */,
				CF1050751FA091C100AC5ABD /* PersonA.m */,
				CF1050771FA091D000AC5ABD /* PersonB.h */,
				CF1050781FA091D000AC5ABD /* PersonB.m */,
			);
			path = "协议";
			sourceTree = "<group>";
		};
		CF10507A1FA0942E00AC5ABD /* 分类 */ = {
			isa = PBXGroup;
			children = (
				CFB20E5A1FA1D1F70027FC11 /* NSString+Addition.h */,
				CFB20E5B1FA1D1F70027FC11 /* NSString+Addition.m */,
			);
			path = "分类";
			sourceTree = "<group>";
		};
/* End PBXGroup section */

/* Begin PBXNativeTarget section */
		CF10501A1FA0582700AC5ABD /* 多继承 */ = {
			isa = PBXNativeTarget;
			buildConfigurationList = CF1050481FA0582700AC5ABD /* Build configuration list for PBXNativeTarget "多继承" */;
			buildPhases = (
				CF1050171FA0582700AC5ABD /* Sources */,
				CF1050181FA0582700AC5ABD /* Frameworks */,
				CF1050191FA0582700AC5ABD /* Resources */,
			);
			buildRules = (
			);
			dependencies = (
			);
			name = "多继承";
			productName = "多继承";
			productReference = CF10501B1FA0582700AC5ABD /* 多继承.app */;
			productType = "com.apple.product-type.application";
		};
		CF1050331FA0582700AC5ABD /* 多继承Tests */ = {
			isa = PBXNativeTarget;
			buildConfigurationList = CF10504B1FA0582700AC5ABD /* Build configuration list for PBXNativeTarget "多继承Tests" */;
			buildPhases = (
				CF1050301FA0582700AC5ABD /* Sources */,
				CF1050311FA0582700AC5ABD /* Frameworks */,
				CF1050321FA0582700AC5ABD /* Resources */,
			);
			buildRules = (
			);
			dependencies = (
				CF1050361FA0582700AC5ABD /* PBXTargetDependency */,
			);
			name = "多继承Tests";
			productName = "多继承Tests";
			productReference = CF1050341FA0582700AC5ABD /* 多继承Tests.xctest */;
			productType = "com.apple.product-type.bundle.unit-test";
		};
		CF10503E1FA0582700AC5ABD /* 多继承UITests */ = {
			isa = PBXNativeTarget;
			buildConfigurationList = CF10504E1FA0582700AC5ABD /* Build configuration list for PBXNativeTarget "多继承UITests" */;
			buildPhases = (
				CF10503B1FA0582700AC5ABD /* Sources */,
				CF10503C1FA0582700AC5ABD /* Frameworks */,
				CF10503D1FA0582700AC5ABD /* Resources */,
			);
			buildRules = (
			);
			dependencies = (
				CF1050411FA0582700AC5ABD /* PBXTargetDependency */,
			);
			name = "多继承UITests";
			productName = "多继承UITests";
			productReference = CF10503F1FA0582700AC5ABD /* 多继承UITests.xctest */;
			productType = "com.apple.product-type.bundle.ui-testing";
		};
/* End PBXNativeTarget section */

/* Begin PBXProject section */
		CF1050131FA0582600AC5ABD /* Project object */ = {
			isa = PBXProject;
			attributes = {
				LastUpgradeCheck = 0830;
				ORGANIZATIONNAME = "ehsy-pc";
				TargetAttributes = {
					CF10501A1FA0582700AC5ABD = {
						CreatedOnToolsVersion = 8.3.3;
						DevelopmentTeam = U5G96G2R7X;
						ProvisioningStyle = Automatic;
					};
					CF1050331FA0582700AC5ABD = {
						CreatedOnToolsVersion = 8.3.3;
						DevelopmentTeam = U5G96G2R7X;
						ProvisioningStyle = Automatic;
						TestTargetID = CF10501A1FA0582700AC5ABD;
					};
					CF10503E1FA0582700AC5ABD = {
						CreatedOnToolsVersion = 8.3.3;
						DevelopmentTeam = U5G96G2R7X;
						ProvisioningStyle = Automatic;
						TestTargetID = CF10501A1FA0582700AC5ABD;
					};
				};
			};
			buildConfigurationList = CF1050161FA0582600AC5ABD /* Build configuration list for PBXProject "多继承" */;
			compatibilityVersion = "Xcode 3.2";
			developmentRegion = English;
			hasScannedForEncodings = 0;
			knownRegions = (
				en,
				Base,
			);
			mainGroup = CF1050121FA0582600AC5ABD;
			productRefGroup = CF10501C1FA0582700AC5ABD /* Products */;
			projectDirPath = "";
			projectRoot = "";
			targets = (
				CF10501A1FA0582700AC5ABD /* 多继承 */,
				CF1050331FA0582700AC5ABD /* 多继承Tests */,
				CF10503E1FA0582700AC5ABD /* 多继承UITests */,
			);
		};
/* End PBXProject section */

/* Begin PBXResourcesBuildPhase section */
		CF1050191FA0582700AC5ABD /* Resources */ = {
			isa = PBXResourcesBuildPhase;
			buildActionMask = 2147483647;
			files = (
				CF10502E1FA0582700AC5ABD /* LaunchScreen.storyboard in Resources */,
				CFB20E611FA1D3850027FC11 /* oc实现多继承.rtf in Resources */,
				CF10502B1FA0582700AC5ABD /* Assets.xcassets in Resources */,
				CF1050291FA0582700AC5ABD /* Main.storyboard in Resources */,
			);
			runOnlyForDeploymentPostprocessing = 0;
		};
		CF1050321FA0582700AC5ABD /* Resources */ = {
			isa = PBXResourcesBuildPhase;
			buildActionMask = 2147483647;
			files = (
			);
			runOnlyForDeploymentPostprocessing = 0;
		};
		CF10503D1FA0582700AC5ABD /* Resources */ = {
			isa = PBXResourcesBuildPhase;
			buildActionMask = 2147483647;
			files = (
			);
			runOnlyForDeploymentPostprocessing = 0;
		};
/* End PBXResourcesBuildPhase section */

/* Begin PBXSourcesBuildPhase section */
		CF1050171FA0582700AC5ABD /* Sources */ = {
			isa = PBXSourcesBuildPhase;
			buildActionMask = 2147483647;
			files = (
				CF1050761FA091C100AC5ABD /* PersonA.m in Sources */,
				CFB20E5F1FA1D2450027FC11 /* CategoryViewController.m in Sources */,
				CFB20E5C1FA1D1F70027FC11 /* NSString+Addition.m in Sources */,
				CF1050611FA05E4F00AC5ABD /* Teacher.m in Sources */,
				CF10506E1FA08E2400AC5ABD /* DelegateViewController.m in Sources */,
				CF1050261FA0582700AC5ABD /* ViewController.m in Sources */,
				CFB20E591FA1C9FA0027FC11 /* DelegateClassB.m in Sources */,
				CF1050681FA08E0300AC5ABD /* CombinaViewController.m in Sources */,
				CF10505E1FA05E3800AC5ABD /* Doctor.m in Sources */,
				CF10506B1FA08E1700AC5ABD /* ProtocolViewController.m in Sources */,
				CF10505A1FA0588F00AC5ABD /* ModelC.m in Sources */,
				CF1050541FA0587400AC5ABD /* ModelA.m in Sources */,
				CF1050571FA0588500AC5ABD /* ModelB.m in Sources */,
				CF1050711FA08F5C00AC5ABD /* ForceTransformViewController.m in Sources */,
				CF1050651FA08DE500AC5ABD /* MsgForwardViewController.m in Sources */,
				CF1050791FA091D000AC5ABD /* PersonB.m in Sources */,
				CFB20E561FA1C9E50027FC11 /* DelegateClassA.m in Sources */,
				CF1050231FA0582700AC5ABD /* AppDelegate.m in Sources */,
				CF1050201FA0582700AC5ABD /* main.m in Sources */,
			);
			runOnlyForDeploymentPostprocessing = 0;
		};
		CF1050301FA0582700AC5ABD /* Sources */ = {
			isa = PBXSourcesBuildPhase;
			buildActionMask = 2147483647;
			files = (
				CF1050391FA0582700AC5ABD /* ___Tests.m in Sources */,
			);
			runOnlyForDeploymentPostprocessing = 0;
		};
		CF10503B1FA0582700AC5ABD /* Sources */ = {
			isa = PBXSourcesBuildPhase;
			buildActionMask = 2147483647;
			files = (
				CF1050441FA0582700AC5ABD /* ___UITests.m in Sources */,
			);
			runOnlyForDeploymentPostprocessing = 0;
		};
/* End PBXSourcesBuildPhase section */

/* Begin PBXTargetDependency section */
		CF1050361FA0582700AC5ABD /* PBXTargetDependency */ = {
			isa = PBXTargetDependency;
			target = CF10501A1FA0582700AC5ABD /* 多继承 */;
			targetProxy = CF1050351FA0582700AC5ABD /* PBXContainerItemProxy */;
		};
		CF1050411FA0582700AC5ABD /* PBXTargetDependency */ = {
			isa = PBXTargetDependency;
			target = CF10501A1FA0582700AC5ABD /* 多继承 */;
			targetProxy = CF1050401FA0582700AC5ABD /* PBXContainerItemProxy */;
		};
/* End PBXTargetDependency section */

/* Begin PBXVariantGroup section */
		CF1050271FA0582700AC5ABD /* Main.storyboard */ = {
			isa = PBXVariantGroup;
			children = (
				CF1050281FA0582700AC5ABD /* Base */,
			);
			name = Main.storyboard;
			sourceTree = "<group>";
		};
		CF10502C1FA0582700AC5ABD /* LaunchScreen.storyboard */ = {
			isa = PBXVariantGroup;
			children = (
				CF10502D1FA0582700AC5ABD /* Base */,
			);
			name = LaunchScreen.storyboard;
			sourceTree = "<group>";
		};
/* End PBXVariantGroup section */

/* Begin XCBuildConfiguration section */
		CF1050461FA0582700AC5ABD /* Debug */ = {
			isa = XCBuildConfiguration;
			buildSettings = {
				ALWAYS_SEARCH_USER_PATHS = NO;
				CLANG_ANALYZER_NONNULL = YES;
				CLANG_ANALYZER_NUMBER_OBJECT_CONVERSION = YES_AGGRESSIVE;
				CLANG_CXX_LANGUAGE_STANDARD = "gnu++0x";
				CLANG_CXX_LIBRARY = "libc++";
				CLANG_ENABLE_MODULES = YES;
				CLANG_ENABLE_OBJC_ARC = YES;
				CLANG_WARN_BOOL_CONVERSION = YES;
				CLANG_WARN_CONSTANT_CONVERSION = YES;
				CLANG_WARN_DIRECT_OBJC_ISA_USAGE = YES_ERROR;
				CLANG_WARN_DOCUMENTATION_COMMENTS = YES;
				CLANG_WARN_EMPTY_BODY = YES;
				CLANG_WARN_ENUM_CONVERSION = YES;
				CLANG_WARN_INFINITE_RECURSION = YES;
				CLANG_WARN_INT_CONVERSION = YES;
				CLANG_WARN_OBJC_ROOT_CLASS = YES_ERROR;
				CLANG_WARN_SUSPICIOUS_MOVE = YES;
				CLANG_WARN_UNREACHABLE_CODE = YES;
				CLANG_WARN__DUPLICATE_METHOD_MATCH = YES;
				"CODE_SIGN_IDENTITY[sdk=iphoneos*]" = "iPhone Developer";
				COPY_PHASE_STRIP = NO;
				DEBUG_INFORMATION_FORMAT = dwarf;
				ENABLE_STRICT_OBJC_MSGSEND = YES;
				ENABLE_TESTABILITY = YES;
				GCC_C_LANGUAGE_STANDARD = gnu99;
				GCC_DYNAMIC_NO_PIC = NO;
				GCC_NO_COMMON_BLOCKS = YES;
				GCC_OPTIMIZATION_LEVEL = 0;
				GCC_PREPROCESSOR_DEFINITIONS = (
					"DEBUG=1",
					"$(inherited)",
				);
				GCC_WARN_64_TO_32_BIT_CONVERSION = YES;
				GCC_WARN_ABOUT_RETURN_TYPE = YES_ERROR;
				GCC_WARN_UNDECLARED_SELECTOR = YES;
				GCC_WARN_UNINITIALIZED_AUTOS = YES_AGGRESSIVE;
				GCC_WARN_UNUSED_FUNCTION = YES;
				GCC_WARN_UNUSED_VARIABLE = YES;
				IPHONEOS_DEPLOYMENT_TARGET = 10.3;
				MTL_ENABLE_DEBUG_INFO = YES;
				ONLY_ACTIVE_ARCH = YES;
				SDKROOT = iphoneos;
			};
			name = Debug;
		};
		CF1050471FA0582700AC5ABD /* Release */ = {
			isa = XCBuildConfiguration;
			buildSettings = {
				ALWAYS_SEARCH_USER_PATHS = NO;
				CLANG_ANALYZER_NONNULL = YES;
				CLANG_ANALYZER_NUMBER_OBJECT_CONVERSION = YES_AGGRESSIVE;
				CLANG_CXX_LANGUAGE_STANDARD = "gnu++0x";
				CLANG_CXX_LIBRARY = "libc++";
				CLANG_ENABLE_MODULES = YES;
				CLANG_ENABLE_OBJC_ARC = YES;
				CLANG_WARN_BOOL_CONVERSION = YES;
				CLANG_WARN_CONSTANT_CONVERSION = YES;
				CLANG_WARN_DIRECT_OBJC_ISA_USAGE = YES_ERROR;
				CLANG_WARN_DOCUMENTATION_COMMENTS = YES;
				CLANG_WARN_EMPTY_BODY = YES;
				CLANG_WARN_ENUM_CONVERSION = YES;
				CLANG_WARN_INFINITE_RECURSION = YES;
				CLANG_WARN_INT_CONVERSION = YES;
				CLANG_WARN_OBJC_ROOT_CLASS = YES_ERROR;
				CLANG_WARN_SUSPICIOUS_MOVE = YES;
				CLANG_WARN_UNREACHABLE_CODE = YES;
				CLANG_WARN__DUPLICATE_METHOD_MATCH = YES;
				"CODE_SIGN_IDENTITY[sdk=iphoneos*]" = "iPhone Developer";
				COPY_PHASE_STRIP = NO;
				DEBUG_INFORMATION_FORMAT = "dwarf-with-dsym";
				ENABLE_NS_ASSERTIONS = NO;
				ENABLE_STRICT_OBJC_MSGSEND = YES;
				GCC_C_LANGUAGE_STANDARD = gnu99;
				GCC_NO_COMMON_BLOCKS = YES;
				GCC_WARN_64_TO_32_BIT_CONVERSION = YES;
				GCC_WARN_ABOUT_RETURN_TYPE = YES_ERROR;
				GCC_WARN_UNDECLARED_SELECTOR = YES;
				GCC_WARN_UNINITIALIZED_AUTOS = YES_AGGRESSIVE;
				GCC_WARN_UNUSED_FUNCTION = YES;
				GCC_WARN_UNUSED_VARIABLE = YES;
				IPHONEOS_DEPLOYMENT_TARGET = 10.3;
				MTL_ENABLE_DEBUG_INFO = NO;
				SDKROOT = iphoneos;
				VALIDATE_PRODUCT = YES;
			};
			name = Release;
		};
		CF1050491FA0582700AC5ABD /* Debug */ = {
			isa = XCBuildConfiguration;
			buildSettings = {
				ASSETCATALOG_COMPILER_APPICON_NAME = AppIcon;
				DEVELOPMENT_TEAM = U5G96G2R7X;
				INFOPLIST_FILE = "多继承/Info.plist";
				LD_RUNPATH_SEARCH_PATHS = "$(inherited) @executable_path/Frameworks";
				PRODUCT_BUNDLE_IDENTIFIER = "ehsy.---";
				PRODUCT_NAME = "$(TARGET_NAME)";
			};
			name = Debug;
		};
		CF10504A1FA0582700AC5ABD /* Release */ = {
			isa = XCBuildConfiguration;
			buildSettings = {
				ASSETCATALOG_COMPILER_APPICON_NAME = AppIcon;
				DEVELOPMENT_TEAM = U5G96G2R7X;
				INFOPLIST_FILE = "多继承/Info.plist";
				LD_RUNPATH_SEARCH_PATHS = "$(inherited) @executable_path/Frameworks";
				PRODUCT_BUNDLE_IDENTIFIER = "ehsy.---";
				PRODUCT_NAME = "$(TARGET_NAME)";
			};
			name = Release;
		};
		CF10504C1FA0582700AC5ABD /* Debug */ = {
			isa = XCBuildConfiguration;
			buildSettings = {
				BUNDLE_LOADER = "$(TEST_HOST)";
				DEVELOPMENT_TEAM = U5G96G2R7X;
				INFOPLIST_FILE = "多继承Tests/Info.plist";
				LD_RUNPATH_SEARCH_PATHS = "$(inherited) @executable_path/Frameworks @loader_path/Frameworks";
				PRODUCT_BUNDLE_IDENTIFIER = "ehsy.---Tests";
				PRODUCT_NAME = "$(TARGET_NAME)";
				TEST_HOST = "$(BUILT_PRODUCTS_DIR)/多继承.app/多继承";
			};
			name = Debug;
		};
		CF10504D1FA0582700AC5ABD /* Release */ = {
			isa = XCBuildConfiguration;
			buildSettings = {
				BUNDLE_LOADER = "$(TEST_HOST)";
				DEVELOPMENT_TEAM = U5G96G2R7X;
				INFOPLIST_FILE = "多继承Tests/Info.plist";
				LD_RUNPATH_SEARCH_PATHS = "$(inherited) @executable_path/Frameworks @loader_path/Frameworks";
				PRODUCT_BUNDLE_IDENTIFIER = "ehsy.---Tests";
				PRODUCT_NAME = "$(TARGET_NAME)";
				TEST_HOST = "$(BUILT_PRODUCTS_DIR)/多继承.app/多继承";
			};
			name = Release;
		};
		CF10504F1FA0582700AC5ABD /* Debug */ = {
			isa = XCBuildConfiguration;
			buildSettings = {
				DEVELOPMENT_TEAM = U5G96G2R7X;
				INFOPLIST_FILE = "多继承UITests/Info.plist";
				LD_RUNPATH_SEARCH_PATHS = "$(inherited) @executable_path/Frameworks @loader_path/Frameworks";
				PRODUCT_BUNDLE_IDENTIFIER = "ehsy.---UITests";
				PRODUCT_NAME = "$(TARGET_NAME)";
				TEST_TARGET_NAME = "多继承";
			};
			name = Debug;
		};
		CF1050501FA0582700AC5ABD /* Release */ = {
			isa = XCBuildConfiguration;
			buildSettings = {
				DEVELOPMENT_TEAM = U5G96G2R7X;
				INFOPLIST_FILE = "多继承UITests/Info.plist";
				LD_RUNPATH_SEARCH_PATHS = "$(inherited) @executable_path/Frameworks @loader_path/Frameworks";
				PRODUCT_BUNDLE_IDENTIFIER = "ehsy.---UITests";
				PRODUCT_NAME = "$(TARGET_NAME)";
				TEST_TARGET_NAME = "多继承";
			};
			name = Release;
		};
/* End XCBuildConfiguration section */

/* Begin XCConfigurationList section */
		CF1050161FA0582600AC5ABD /* Build configuration list for PBXProject "多继承" */ = {
			isa = XCConfigurationList;
			buildConfigurations = (
				CF1050461FA0582700AC5ABD /* Debug */,
				CF1050471FA0582700AC5ABD /* Release */,
			);
			defaultConfigurationIsVisible = 0;
			defaultConfigurationName = Release;
		};
		CF1050481FA0582700AC5ABD /* Build configuration list for PBXNativeTarget "多继承" */ = {
			isa = XCConfigurationList;
			buildConfigurations = (
				CF1050491FA0582700AC5ABD /* Debug */,
				CF10504A1FA0582700AC5ABD /* Release */,
			);
			defaultConfigurationIsVisible = 0;
			defaultConfigurationName = Release;
		};
		CF10504B1FA0582700AC5ABD /* Build configuration list for PBXNativeTarget "多继承Tests" */ = {
			isa = XCConfigurationList;
			buildConfigurations = (
				CF10504C1FA0582700AC5ABD /* Debug */,
				CF10504D1FA0582700AC5ABD /* Release */,
			);
			defaultConfigurationIsVisible = 0;
			defaultConfigurationName = Release;
		};
		CF10504E1FA0582700AC5ABD /* Build configuration list for PBXNativeTarget "多继承UITests" */ = {
			isa = XCConfigurationList;
			buildConfigurations = (
				CF10504F1FA0582700AC5ABD /* Debug */,
				CF1050501FA0582700AC5ABD /* Release */,
			);
			defaultConfigurationIsVisible = 0;
			defaultConfigurationName = Release;
		};
/* End XCConfigurationList section */
	};
	rootObject = CF1050131FA0582600AC5ABD /* Project object */;
}
